
Microsoft Visual Studio Solution File, Format Version 12.00
# Visual Studio Version 16
VisualStudioVersion = 16.0.31019.35
MinimumVisualStudioVersion = 10.0.40219.1
Project("{FAE04EC0-301F-11D3-BF4B-00C04F79EFBC}") = "work3", "work3\work3.csproj", "{547AB1A3-EEF2-4381-BDA7-0526986B3C3B}"
EndProject
Global
	GlobalSection(SolutionConfigurationPlatforms) = preSolution
		Debug|Any CPU = Debug|Any CPU
		Release|Any CPU = Release|Any CPU
	EndGlobalSection
	GlobalSection(ProjectConfigurationPlatforms) = postSolution
		{547AB1A3-EEF2-4381-BDA7-0526986B3C3B}.Debug|Any CPU.ActiveCfg = Debug|Any CPU
		{547AB1A3-EEF2-4381-BDA7-0526986B3C3B}.Debug|Any CPU.Build.0 = Debug|Any CPU
		{547AB1A3-EEF2-4381-BDA7-0526986B3C3B}.Release|Any CPU.ActiveCfg = Release|Any CPU
		{547AB1A3-EEF2-4381-BDA7-0526986B3C3B}.Release|Any CPU.Build.0 = Release|Any CPU
	EndGlobalSection
	GlobalSection(SolutionProperties) = preSolution
		HideSolutionNode = FALSE
	EndGlobalSection
	GlobalSection(ExtensibilityGlobals) = postSolution
		SolutionGuid = {7F940208-1207-4A20-8317-C7A6FF1CD981}
	EndGlobalSection
EndGlobal
