
Microsoft Visual Studio Solution File, Format Version 12.00
# Visual Studio Version 16
VisualStudioVersion = 16.0.31019.35
MinimumVisualStudioVersion = 10.0.40219.1
Project("{FAE04EC0-301F-11D3-BF4B-00C04F79EFBC}") = "work2", "work2\work2.csproj", "{F053F2F2-1C5F-45CC-AB7C-C2C7F61F6DC5}"
EndProject
Global
	GlobalSection(SolutionConfigurationPlatforms) = preSolution
		Debug|Any CPU = Debug|Any CPU
		Release|Any CPU = Release|Any CPU
	EndGlobalSection
	GlobalSection(ProjectConfigurationPlatforms) = postSolution
		{F053F2F2-1C5F-45CC-AB7C-C2C7F61F6DC5}.Debug|Any CPU.ActiveCfg = Debug|Any CPU
		{F053F2F2-1C5F-45CC-AB7C-C2C7F61F6DC5}.Debug|Any CPU.Build.0 = Debug|Any CPU
		{F053F2F2-1C5F-45CC-AB7C-C2C7F61F6DC5}.Release|Any CPU.ActiveCfg = Release|Any CPU
		{F053F2F2-1C5F-45CC-AB7C-C2C7F61F6DC5}.Release|Any CPU.Build.0 = Release|Any CPU
	EndGlobalSection
	GlobalSection(SolutionProperties) = preSolution
		HideSolutionNode = FALSE
	EndGlobalSection
	GlobalSection(ExtensibilityGlobals) = postSolution
		SolutionGuid = {F1BC50C3-2E9F-4EFC-A528-CDF9F30E4834}
	EndGlobalSection
EndGlobal
