
Microsoft Visual Studio Solution File, Format Version 12.00
# Visual Studio Version 16
VisualStudioVersion = 16.0.31019.35
MinimumVisualStudioVersion = 10.0.40219.1
Project("{FAE04EC0-301F-11D3-BF4B-00C04F79EFBC}") = "homework9", "homework9\homework9.csproj", "{FD37AE38-EB22-4E07-A7C1-F01A5D53A692}"
EndProject
Global
	GlobalSection(SolutionConfigurationPlatforms) = preSolution
		Debug|Any CPU = Debug|Any CPU
		Release|Any CPU = Release|Any CPU
	EndGlobalSection
	GlobalSection(ProjectConfigurationPlatforms) = postSolution
		{FD37AE38-EB22-4E07-A7C1-F01A5D53A692}.Debug|Any CPU.ActiveCfg = Debug|Any CPU
		{FD37AE38-EB22-4E07-A7C1-F01A5D53A692}.Debug|Any CPU.Build.0 = Debug|Any CPU
		{FD37AE38-EB22-4E07-A7C1-F01A5D53A692}.Release|Any CPU.ActiveCfg = Release|Any CPU
		{FD37AE38-EB22-4E07-A7C1-F01A5D53A692}.Release|Any CPU.Build.0 = Release|Any CPU
	EndGlobalSection
	GlobalSection(SolutionProperties) = preSolution
		HideSolutionNode = FALSE
	EndGlobalSection
	GlobalSection(ExtensibilityGlobals) = postSolution
		SolutionGuid = {0E743836-27B5-4BDD-A7E8-2997AC40700C}
	EndGlobalSection
EndGlobal
